
Microsoft Visual Studio Solution File, Format Version 12.00
# Visual Studio Version 16
VisualStudioVersion = 16.0.810.13
MinimumVisualStudioVersion = 10.0.40219.1
Project("{FAE04EC0-301F-11D3-BF4B-00C04F79EFBC}") = "Calendr.Api", "Calendr.Api\Calendr.Api.csproj", "{C4A2FDD4-1657-42DD-AB5B-6323E3B3E412}"
EndProject
Project("{FAE04EC0-301F-11D3-BF4B-00C04F79EFBC}") = "Calendr.Application", "Calendr.Application\Calendr.Application.csproj", "{AAE72C77-08B0-4634-8DAD-623129F737DA}"
EndProject
Project("{FAE04EC0-301F-11D3-BF4B-00C04F79EFBC}") = "Calendr.Domain", "Calendr.Domain\Calendr.Domain.csproj", "{47614247-650F-4726-9A54-55233DA45C81}"
EndProject
Project("{FAE04EC0-301F-11D3-BF4B-00C04F79EFBC}") = "Claendr.Infrastructure", "Claendr.Infrastructure\Claendr.Infrastructure.csproj", "{4CC39464-4B1F-4862-BF82-B0F4E69DE10F}"
EndProject
Project("{FAE04EC0-301F-11D3-BF4B-00C04F79EFBC}") = "Calendr.Tests", "Calendr.Tests\Calendr.Tests.csproj", "{35E126D4-B389-475A-93C8-50082071EB68}"
EndProject
Global
	GlobalSection(SolutionConfigurationPlatforms) = preSolution
		Debug|Any CPU = Debug|Any CPU
		Release|Any CPU = Release|Any CPU
	EndGlobalSection
	GlobalSection(ProjectConfigurationPlatforms) = postSolution
		{C4A2FDD4-1657-42DD-AB5B-6323E3B3E412}.Debug|Any CPU.ActiveCfg = Debug|Any CPU
		{C4A2FDD4-1657-42DD-AB5B-6323E3B3E412}.Debug|Any CPU.Build.0 = Debug|Any CPU
		{C4A2FDD4-1657-42DD-AB5B-6323E3B3E412}.Release|Any CPU.ActiveCfg = Release|Any CPU
		{C4A2FDD4-1657-42DD-AB5B-6323E3B3E412}.Release|Any CPU.Build.0 = Release|Any CPU
		{AAE72C77-08B0-4634-8DAD-623129F737DA}.Debug|Any CPU.ActiveCfg = Debug|Any CPU
		{AAE72C77-08B0-4634-8DAD-623129F737DA}.Debug|Any CPU.Build.0 = Debug|Any CPU
		{AAE72C77-08B0-4634-8DAD-623129F737DA}.Release|Any CPU.ActiveCfg = Release|Any CPU
		{AAE72C77-08B0-4634-8DAD-623129F737DA}.Release|Any CPU.Build.0 = Release|Any CPU
		{47614247-650F-4726-9A54-55233DA45C81}.Debug|Any CPU.ActiveCfg = Debug|Any CPU
		{47614247-650F-4726-9A54-55233DA45C81}.Debug|Any CPU.Build.0 = Debug|Any CPU
		{47614247-650F-4726-9A54-55233DA45C81}.Release|Any CPU.ActiveCfg = Release|Any CPU
		{47614247-650F-4726-9A54-55233DA45C81}.Release|Any CPU.Build.0 = Release|Any CPU
		{4CC39464-4B1F-4862-BF82-B0F4E69DE10F}.Debug|Any CPU.ActiveCfg = Debug|Any CPU
		{4CC39464-4B1F-4862-BF82-B0F4E69DE10F}.Debug|Any CPU.Build.0 = Debug|Any CPU
		{4CC39464-4B1F-4862-BF82-B0F4E69DE10F}.Release|Any CPU.ActiveCfg = Release|Any CPU
		{4CC39464-4B1F-4862-BF82-B0F4E69DE10F}.Release|Any CPU.Build.0 = Release|Any CPU
		{35E126D4-B389-475A-93C8-50082071EB68}.Debug|Any CPU.ActiveCfg = Debug|Any CPU
		{35E126D4-B389-475A-93C8-50082071EB68}.Debug|Any CPU.Build.0 = Debug|Any CPU
		{35E126D4-B389-475A-93C8-50082071EB68}.Release|Any CPU.ActiveCfg = Release|Any CPU
		{35E126D4-B389-475A-93C8-50082071EB68}.Release|Any CPU.Build.0 = Release|Any CPU
	EndGlobalSection
	GlobalSection(SolutionProperties) = preSolution
		HideSolutionNode = FALSE
	EndGlobalSection
	GlobalSection(ExtensibilityGlobals) = postSolution
		SolutionGuid = {6D18CD31-3E56-49CC-9475-72216A671956}
	EndGlobalSection
EndGlobal
